
Microsoft Visual Studio Solution File, Format Version 12.00
# Visual Studio Version 16
VisualStudioVersion = 16.0.30621.155
MinimumVisualStudioVersion = 10.0.40219.1
Project("{9A19103F-16F7-4668-BE54-9A1E7A4F7556}") = "Students.Domain", "Students.Domain\Students.Domain.csproj", "{12161920-59E5-431A-9BED-09EB245646F4}"
EndProject
Project("{9A19103F-16F7-4668-BE54-9A1E7A4F7556}") = "Students.ConsoleApp", "Students.ConsoleApp\Students.ConsoleApp.csproj", "{AD694A4D-1192-486D-8A88-D935A78C556F}"
EndProject
Project("{FAE04EC0-301F-11D3-BF4B-00C04F79EFBC}") = "Students.Data", "Students.Data\Students.Data.csproj", "{4561B1A3-312A-483D-8AE6-EC5E83D45697}"
EndProject
Global
	GlobalSection(SolutionConfigurationPlatforms) = preSolution
		Debug|Any CPU = Debug|Any CPU
		Release|Any CPU = Release|Any CPU
	EndGlobalSection
	GlobalSection(ProjectConfigurationPlatforms) = postSolution
		{12161920-59E5-431A-9BED-09EB245646F4}.Debug|Any CPU.ActiveCfg = Debug|Any CPU
		{12161920-59E5-431A-9BED-09EB245646F4}.Debug|Any CPU.Build.0 = Debug|Any CPU
		{12161920-59E5-431A-9BED-09EB245646F4}.Release|Any CPU.ActiveCfg = Release|Any CPU
		{12161920-59E5-431A-9BED-09EB245646F4}.Release|Any CPU.Build.0 = Release|Any CPU
		{AD694A4D-1192-486D-8A88-D935A78C556F}.Debug|Any CPU.ActiveCfg = Debug|Any CPU
		{AD694A4D-1192-486D-8A88-D935A78C556F}.Debug|Any CPU.Build.0 = Debug|Any CPU
		{AD694A4D-1192-486D-8A88-D935A78C556F}.Release|Any CPU.ActiveCfg = Release|Any CPU
		{AD694A4D-1192-486D-8A88-D935A78C556F}.Release|Any CPU.Build.0 = Release|Any CPU
		{4561B1A3-312A-483D-8AE6-EC5E83D45697}.Debug|Any CPU.ActiveCfg = Debug|Any CPU
		{4561B1A3-312A-483D-8AE6-EC5E83D45697}.Debug|Any CPU.Build.0 = Debug|Any CPU
		{4561B1A3-312A-483D-8AE6-EC5E83D45697}.Release|Any CPU.ActiveCfg = Release|Any CPU
		{4561B1A3-312A-483D-8AE6-EC5E83D45697}.Release|Any CPU.Build.0 = Release|Any CPU
	EndGlobalSection
	GlobalSection(SolutionProperties) = preSolution
		HideSolutionNode = FALSE
	EndGlobalSection
	GlobalSection(ExtensibilityGlobals) = postSolution
		SolutionGuid = {2D698E8F-E07D-4C6C-9AC5-0CCC525D7080}
	EndGlobalSection
EndGlobal
